
Microsoft Visual Studio Solution File, Format Version 12.00
# Visual Studio Version 17
VisualStudioVersion = 17.8.34330.188
MinimumVisualStudioVersion = 10.0.40219.1
Project("{FAE04EC0-301F-11D3-BF4B-00C04F79EFBC}") = "Actividad_III", "Actividad_III\Actividad_III.csproj", "{D05CC0AE-EA92-478E-BFB1-DBD7118C1C92}"
EndProject
Global
	GlobalSection(SolutionConfigurationPlatforms) = preSolution
		Debug|Any CPU = Debug|Any CPU
		Release|Any CPU = Release|Any CPU
	EndGlobalSection
	GlobalSection(ProjectConfigurationPlatforms) = postSolution
		{D05CC0AE-EA92-478E-BFB1-DBD7118C1C92}.Debug|Any CPU.ActiveCfg = Debug|Any CPU
		{D05CC0AE-EA92-478E-BFB1-DBD7118C1C92}.Debug|Any CPU.Build.0 = Debug|Any CPU
		{D05CC0AE-EA92-478E-BFB1-DBD7118C1C92}.Release|Any CPU.ActiveCfg = Release|Any CPU
		{D05CC0AE-EA92-478E-BFB1-DBD7118C1C92}.Release|Any CPU.Build.0 = Release|Any CPU
	EndGlobalSection
	GlobalSection(SolutionProperties) = preSolution
		HideSolutionNode = FALSE
	EndGlobalSection
	GlobalSection(ExtensibilityGlobals) = postSolution
		SolutionGuid = {272C11F9-A763-4F89-A036-D61C10124FA9}
	EndGlobalSection
EndGlobal
